
Microsoft Visual Studio Solution File, Format Version 12.00
# Visual Studio Version 17
VisualStudioVersion = 17.3.32929.385
MinimumVisualStudioVersion = 10.0.40219.1
Project("{FAE04EC0-301F-11D3-BF4B-00C04F79EFBC}") = "Практика день 1 (3.3)", "Практика день 1 (3.3)\Практика день 1 (3.3).csproj", "{CFDBE313-0D92-4C98-9996-EBB8D5569547}"
EndProject
Global
	GlobalSection(SolutionConfigurationPlatforms) = preSolution
		Debug|Any CPU = Debug|Any CPU
		Release|Any CPU = Release|Any CPU
	EndGlobalSection
	GlobalSection(ProjectConfigurationPlatforms) = postSolution
		{CFDBE313-0D92-4C98-9996-EBB8D5569547}.Debug|Any CPU.ActiveCfg = Debug|Any CPU
		{CFDBE313-0D92-4C98-9996-EBB8D5569547}.Debug|Any CPU.Build.0 = Debug|Any CPU
		{CFDBE313-0D92-4C98-9996-EBB8D5569547}.Release|Any CPU.ActiveCfg = Release|Any CPU
		{CFDBE313-0D92-4C98-9996-EBB8D5569547}.Release|Any CPU.Build.0 = Release|Any CPU
	EndGlobalSection
	GlobalSection(SolutionProperties) = preSolution
		HideSolutionNode = FALSE
	EndGlobalSection
	GlobalSection(ExtensibilityGlobals) = postSolution
		SolutionGuid = {EB33910E-3508-4A0F-A11F-8B21B45C1E7F}
	EndGlobalSection
EndGlobal
